
Microsoft Visual Studio Solution File, Format Version 12.00
# Visual Studio 15
Project("{FAE04EC0-301F-11D3-BF4B-00C04F79EFBC}") = "Assembly-CSharp", "Assembly-CSharp.csproj", "{B63C492C-F93D-4E50-7913-A18EC1F88CFB}"
EndProject
Global
	GlobalSection(SolutionConfigurationPlatforms) = preSolution
		Debug|Any CPU = Debug|Any CPU
		Release|Any CPU = Release|Any CPU
	EndGlobalSection
	GlobalSection(ProjectConfigurationPlatforms) = postSolution
		{B63C492C-F93D-4E50-7913-A18EC1F88CFB}.Debug|Any CPU.ActiveCfg = Debug|Any CPU
		{B63C492C-F93D-4E50-7913-A18EC1F88CFB}.Debug|Any CPU.Build.0 = Debug|Any CPU
		{B63C492C-F93D-4E50-7913-A18EC1F88CFB}.Release|Any CPU.ActiveCfg = Release|Any CPU
		{B63C492C-F93D-4E50-7913-A18EC1F88CFB}.Release|Any CPU.Build.0 = Release|Any CPU
	EndGlobalSection
	GlobalSection(SolutionProperties) = preSolution
		HideSolutionNode = FALSE
	EndGlobalSection
EndGlobal
